
Microsoft Visual Studio Solution File, Format Version 12.00
# Visual Studio Version 17
VisualStudioVersion = 17.1.32414.318
MinimumVisualStudioVersion = 10.0.40219.1
Project("{8BC9CEB8-8B4A-11D0-8D11-00A0C91BC942}") = "Return Richest Customer", "Return Richest Customer.vcxproj", "{B4A60243-EE58-4533-AD78-98AC75C99889}"
EndProject
Global
	GlobalSection(SolutionConfigurationPlatforms) = preSolution
		Debug|x64 = Debug|x64
		Debug|x86 = Debug|x86
		Release|x64 = Release|x64
		Release|x86 = Release|x86
	EndGlobalSection
	GlobalSection(ProjectConfigurationPlatforms) = postSolution
		{B4A60243-EE58-4533-AD78-98AC75C99889}.Debug|x64.ActiveCfg = Debug|x64
		{B4A60243-EE58-4533-AD78-98AC75C99889}.Debug|x64.Build.0 = Debug|x64
		{B4A60243-EE58-4533-AD78-98AC75C99889}.Debug|x86.ActiveCfg = Debug|Win32
		{B4A60243-EE58-4533-AD78-98AC75C99889}.Debug|x86.Build.0 = Debug|Win32
		{B4A60243-EE58-4533-AD78-98AC75C99889}.Release|x64.ActiveCfg = Release|x64
		{B4A60243-EE58-4533-AD78-98AC75C99889}.Release|x64.Build.0 = Release|x64
		{B4A60243-EE58-4533-AD78-98AC75C99889}.Release|x86.ActiveCfg = Release|Win32
		{B4A60243-EE58-4533-AD78-98AC75C99889}.Release|x86.Build.0 = Release|Win32
	EndGlobalSection
	GlobalSection(SolutionProperties) = preSolution
		HideSolutionNode = FALSE
	EndGlobalSection
	GlobalSection(ExtensibilityGlobals) = postSolution
		SolutionGuid = {F45C1CF9-9097-4A73-9588-1FE07DE6EA60}
	EndGlobalSection
EndGlobal
